// !$*UTF8*$!
{
	archiveVersion = 1;
	classes = {
	};
	objectVersion = 46;
	objects = {

/* Begin PBXBuildFile section */
		680F12631B70FC590074B6AC /* XBPhotoModel.m in Sources */ = {isa = PBXBuildFile; fileRef = 680F12621B70FC590074B6AC /* XBPhotoModel.m */; };
		683B98F71B6B92C1002001E7 /* XBTitleButton.m in Sources */ = {isa = PBXBuildFile; fileRef = 683B98F61B6B92C1002001E7 /* XBTitleButton.m */; };
		683B991A1B6B943A002001E7 /* MKAnnotationView+WebCache.m in Sources */ = {isa = PBXBuildFile; fileRef = 683B98FA1B6B943A002001E7 /* MKAnnotationView+WebCache.m */; };
		683B991B1B6B943A002001E7 /* NSData+ImageContentType.m in Sources */ = {isa = PBXBuildFile; fileRef = 683B98FC1B6B943A002001E7 /* NSData+ImageContentType.m */; };
		683B991C1B6B943A002001E7 /* SDImageCache.m in Sources */ = {isa = PBXBuildFile; fileRef = 683B98FE1B6B943A002001E7 /* SDImageCache.m */; };
		683B991D1B6B943A002001E7 /* SDWebImageCompat.m in Sources */ = {isa = PBXBuildFile; fileRef = 683B99001B6B943A002001E7 /* SDWebImageCompat.m */; };
		683B991E1B6B943A002001E7 /* SDWebImageDecoder.m in Sources */ = {isa = PBXBuildFile; fileRef = 683B99021B6B943A002001E7 /* SDWebImageDecoder.m */; };
		683B991F1B6B943A002001E7 /* SDWebImageDownloader.m in Sources */ = {isa = PBXBuildFile; fileRef = 683B99041B6B943A002001E7 /* SDWebImageDownloader.m */; };
		683B99201B6B943A002001E7 /* SDWebImageDownloaderOperation.m in Sources */ = {isa = PBXBuildFile; fileRef = 683B99061B6B943A002001E7 /* SDWebImageDownloaderOperation.m */; };
		683B99211B6B943A002001E7 /* SDWebImageManager.m in Sources */ = {isa = PBXBuildFile; fileRef = 683B99081B6B943A002001E7 /* SDWebImageManager.m */; };
		683B99221B6B943A002001E7 /* SDWebImagePrefetcher.m in Sources */ = {isa = PBXBuildFile; fileRef = 683B990B1B6B943A002001E7 /* SDWebImagePrefetcher.m */; };
		683B99231B6B943A002001E7 /* UIButton+WebCache.m in Sources */ = {isa = PBXBuildFile; fileRef = 683B990D1B6B943A002001E7 /* UIButton+WebCache.m */; };
		683B99241B6B943A002001E7 /* UIImage+GIF.m in Sources */ = {isa = PBXBuildFile; fileRef = 683B990F1B6B943A002001E7 /* UIImage+GIF.m */; };
		683B99251B6B943A002001E7 /* UIImage+MultiFormat.m in Sources */ = {isa = PBXBuildFile; fileRef = 683B99111B6B943A002001E7 /* UIImage+MultiFormat.m */; };
		683B99261B6B943A002001E7 /* UIImage+WebP.m in Sources */ = {isa = PBXBuildFile; fileRef = 683B99131B6B943A002001E7 /* UIImage+WebP.m */; };
		683B99271B6B943A002001E7 /* UIImageView+HighlightedWebCache.m in Sources */ = {isa = PBXBuildFile; fileRef = 683B99151B6B943A002001E7 /* UIImageView+HighlightedWebCache.m */; };
		683B99281B6B943A002001E7 /* UIImageView+WebCache.m in Sources */ = {isa = PBXBuildFile; fileRef = 683B99171B6B943A002001E7 /* UIImageView+WebCache.m */; };
		683B99291B6B943A002001E7 /* UIView+WebCacheOperation.m in Sources */ = {isa = PBXBuildFile; fileRef = 683B99191B6B943A002001E7 /* UIView+WebCacheOperation.m */; };
		683B992E1B6B962D002001E7 /* XBUserModel.m in Sources */ = {isa = PBXBuildFile; fileRef = 683B992D1B6B962D002001E7 /* XBUserModel.m */; };
		683B99311B6B975A002001E7 /* XBStatusModel.m in Sources */ = {isa = PBXBuildFile; fileRef = 683B99301B6B975A002001E7 /* XBStatusModel.m */; };
		683B994A1B6BB2DB002001E7 /* MJArgument.m in Sources */ = {isa = PBXBuildFile; fileRef = 683B99341B6BB2DB002001E7 /* MJArgument.m */; };
		683B994B1B6BB2DB002001E7 /* MJConst.m in Sources */ = {isa = PBXBuildFile; fileRef = 683B99361B6BB2DB002001E7 /* MJConst.m */; };
		683B994C1B6BB2DB002001E7 /* MJFoundation.m in Sources */ = {isa = PBXBuildFile; fileRef = 683B99391B6BB2DB002001E7 /* MJFoundation.m */; };
		683B994D1B6BB2DB002001E7 /* MJIvar.m in Sources */ = {isa = PBXBuildFile; fileRef = 683B993B1B6BB2DB002001E7 /* MJIvar.m */; };
		683B994E1B6BB2DB002001E7 /* MJMember.m in Sources */ = {isa = PBXBuildFile; fileRef = 683B993D1B6BB2DB002001E7 /* MJMember.m */; };
		683B994F1B6BB2DB002001E7 /* MJMethod.m in Sources */ = {isa = PBXBuildFile; fileRef = 683B993F1B6BB2DB002001E7 /* MJMethod.m */; };
		683B99501B6BB2DB002001E7 /* MJType.m in Sources */ = {isa = PBXBuildFile; fileRef = 683B99411B6BB2DB002001E7 /* MJType.m */; };
		683B99511B6BB2DB002001E7 /* MJTypeEncoding.m in Sources */ = {isa = PBXBuildFile; fileRef = 683B99431B6BB2DB002001E7 /* MJTypeEncoding.m */; };
		683B99521B6BB2DB002001E7 /* NSObject+MJCoding.m in Sources */ = {isa = PBXBuildFile; fileRef = 683B99451B6BB2DB002001E7 /* NSObject+MJCoding.m */; };
		683B99531B6BB2DB002001E7 /* NSObject+MJKeyValue.m in Sources */ = {isa = PBXBuildFile; fileRef = 683B99471B6BB2DB002001E7 /* NSObject+MJKeyValue.m */; };
		683B99541B6BB2DB002001E7 /* NSObject+MJMember.m in Sources */ = {isa = PBXBuildFile; fileRef = 683B99491B6BB2DB002001E7 /* NSObject+MJMember.m */; };
		6846AD7E1B6371B600CC2131 /* XBOAuthViewController.m in Sources */ = {isa = PBXBuildFile; fileRef = 6846AD7D1B6371B600CC2131 /* XBOAuthViewController.m */; };
		68528D811B7252A5009780DF /* MJRefresh.bundle in Resources */ = {isa = PBXBuildFile; fileRef = 68528D771B7252A5009780DF /* MJRefresh.bundle */; };
		68528D821B7252A5009780DF /* MJRefreshBaseView.m in Sources */ = {isa = PBXBuildFile; fileRef = 68528D7A1B7252A5009780DF /* MJRefreshBaseView.m */; };
		68528D831B7252A5009780DF /* MJRefreshConst.m in Sources */ = {isa = PBXBuildFile; fileRef = 68528D7C1B7252A5009780DF /* MJRefreshConst.m */; };
		68528D841B7252A5009780DF /* MJRefreshFooterView.m in Sources */ = {isa = PBXBuildFile; fileRef = 68528D7E1B7252A5009780DF /* MJRefreshFooterView.m */; };
		68528D851B7252A5009780DF /* MJRefreshHeaderView.m in Sources */ = {isa = PBXBuildFile; fileRef = 68528D801B7252A5009780DF /* MJRefreshHeaderView.m */; };
		685682191B60A482008EAF0E /* NewfeatureController.m in Sources */ = {isa = PBXBuildFile; fileRef = 685682181B60A482008EAF0E /* NewfeatureController.m */; };
		685702A61B6760F2004F10C2 /* MBProgressHUD+MJ.m in Sources */ = {isa = PBXBuildFile; fileRef = 685702A21B6760F2004F10C2 /* MBProgressHUD+MJ.m */; };
		685702A71B6760F2004F10C2 /* MBProgressHUD.bundle in Resources */ = {isa = PBXBuildFile; fileRef = 685702A31B6760F2004F10C2 /* MBProgressHUD.bundle */; };
		685702A81B6760F2004F10C2 /* MBProgressHUD.m in Sources */ = {isa = PBXBuildFile; fileRef = 685702A51B6760F2004F10C2 /* MBProgressHUD.m */; };
		685702AC1B67619C004F10C2 /* XBAccount.m in Sources */ = {isa = PBXBuildFile; fileRef = 685702AB1B67619C004F10C2 /* XBAccount.m */; };
		68616EA41B6DC2E100FC5097 /* XBLoadMoreFooter.m in Sources */ = {isa = PBXBuildFile; fileRef = 68616EA31B6DC2E100FC5097 /* XBLoadMoreFooter.m */; };
		68616EA61B6DC30000FC5097 /* XBLoadMoreFooter.xib in Resources */ = {isa = PBXBuildFile; fileRef = 68616EA51B6DC30000FC5097 /* XBLoadMoreFooter.xib */; };
		68616EA91B6E0B2D00FC5097 /* XBStatusTableViewCell.m in Sources */ = {isa = PBXBuildFile; fileRef = 68616EA81B6E0B2D00FC5097 /* XBStatusTableViewCell.m */; };
		68616EB01B6E214900FC5097 /* XBStatusFrameModel.m in Sources */ = {isa = PBXBuildFile; fileRef = 68616EAF1B6E214900FC5097 /* XBStatusFrameModel.m */; };
		6861863C1B74EE37001159D0 /* NSDate+Extension.m in Sources */ = {isa = PBXBuildFile; fileRef = 6861863B1B74EE37001159D0 /* NSDate+Extension.m */; };
		6869A4E41B637DCA00825798 /* AFHTTPRequestOperation.m in Sources */ = {isa = PBXBuildFile; fileRef = 6869A4D21B637DCA00825798 /* AFHTTPRequestOperation.m */; };
		6869A4E51B637DCA00825798 /* AFHTTPRequestOperationManager.m in Sources */ = {isa = PBXBuildFile; fileRef = 6869A4D41B637DCA00825798 /* AFHTTPRequestOperationManager.m */; };
		6869A4E61B637DCA00825798 /* AFHTTPSessionManager.m in Sources */ = {isa = PBXBuildFile; fileRef = 6869A4D61B637DCA00825798 /* AFHTTPSessionManager.m */; };
		6869A4E71B637DCA00825798 /* AFNetworkReachabilityManager.m in Sources */ = {isa = PBXBuildFile; fileRef = 6869A4D91B637DCA00825798 /* AFNetworkReachabilityManager.m */; };
		6869A4E81B637DCA00825798 /* AFSecurityPolicy.m in Sources */ = {isa = PBXBuildFile; fileRef = 6869A4DB1B637DCA00825798 /* AFSecurityPolicy.m */; };
		6869A4E91B637DCA00825798 /* AFURLConnectionOperation.m in Sources */ = {isa = PBXBuildFile; fileRef = 6869A4DD1B637DCA00825798 /* AFURLConnectionOperation.m */; };
		6869A4EA1B637DCA00825798 /* AFURLRequestSerialization.m in Sources */ = {isa = PBXBuildFile; fileRef = 6869A4DF1B637DCA00825798 /* AFURLRequestSerialization.m */; };
		6869A4EB1B637DCA00825798 /* AFURLResponseSerialization.m in Sources */ = {isa = PBXBuildFile; fileRef = 6869A4E11B637DCA00825798 /* AFURLResponseSerialization.m */; };
		6869A4EC1B637DCA00825798 /* AFURLSessionManager.m in Sources */ = {isa = PBXBuildFile; fileRef = 6869A4E31B637DCA00825798 /* AFURLSessionManager.m */; };
		687660DA1B73914500CA2461 /* XBStatusToolBar.m in Sources */ = {isa = PBXBuildFile; fileRef = 687660D91B73914500CA2461 /* XBStatusToolBar.m */; };
		6876DCEB1B6A4AAA006B34F2 /* Foundation+Log.m in Sources */ = {isa = PBXBuildFile; fileRef = 6876DCEA1B6A4AAA006B34F2 /* Foundation+Log.m */; };
		68CAFD0A1B6A14DE002E2F19 /* UIWindow+Extension.m in Sources */ = {isa = PBXBuildFile; fileRef = 68CAFD091B6A14DE002E2F19 /* UIWindow+Extension.m */; };
		68CAFD0D1B6A1924002E2F19 /* XBAccountTool.m in Sources */ = {isa = PBXBuildFile; fileRef = 68CAFD0C1B6A1924002E2F19 /* XBAccountTool.m */; };
		68DEA8FC1B75C4D000E3DCDC /* NSString+Extension.m in Sources */ = {isa = PBXBuildFile; fileRef = 68DEA8FB1B75C4D000E3DCDC /* NSString+Extension.m */; };
		68DEA8FF1B75E95B00E3DCDC /* XBStatusPhotosView.m in Sources */ = {isa = PBXBuildFile; fileRef = 68DEA8FE1B75E95B00E3DCDC /* XBStatusPhotosView.m */; };
		68DEA9021B75E98100E3DCDC /* XBStatusPhotoView.m in Sources */ = {isa = PBXBuildFile; fileRef = 68DEA9011B75E98100E3DCDC /* XBStatusPhotoView.m */; };
		8800F4161B5D16320037F34D /* XBTabBar.m in Sources */ = {isa = PBXBuildFile; fileRef = 8800F4151B5D16320037F34D /* XBTabBar.m */; };
		880207111B20858600C31585 /* main.m in Sources */ = {isa = PBXBuildFile; fileRef = 880207101B20858600C31585 /* main.m */; };
		880207141B20858600C31585 /* AppDelegate.m in Sources */ = {isa = PBXBuildFile; fileRef = 880207131B20858600C31585 /* AppDelegate.m */; };
		8802071C1B20858600C31585 /* Images.xcassets in Resources */ = {isa = PBXBuildFile; fileRef = 8802071B1B20858600C31585 /* Images.xcassets */; };
		8802072B1B20858700C31585 /* XibaWeiboTests.m in Sources */ = {isa = PBXBuildFile; fileRef = 8802072A1B20858700C31585 /* XibaWeiboTests.m */; };
		880207371B20904100C31585 /* HomeViewController.m in Sources */ = {isa = PBXBuildFile; fileRef = 880207361B20904100C31585 /* HomeViewController.m */; };
		880367D11B2EEF8800F075C3 /* XBTiTleMeumController.m in Sources */ = {isa = PBXBuildFile; fileRef = 880367D01B2EEF8800F075C3 /* XBTiTleMeumController.m */; };
		881974431B2D487E00C6A4DD /* XBSearchBar.m in Sources */ = {isa = PBXBuildFile; fileRef = 881974421B2D487E00C6A4DD /* XBSearchBar.m */; };
		881974461B2D95B700C6A4DD /* XBDropdownMenuController.m in Sources */ = {isa = PBXBuildFile; fileRef = 881974451B2D95B700C6A4DD /* XBDropdownMenuController.m */; };
		8820021B1B2867BD0044E953 /* XBTabBarViewController.m in Sources */ = {isa = PBXBuildFile; fileRef = 8820021A1B2867BD0044E953 /* XBTabBarViewController.m */; };
		8820021E1B2868FD0044E953 /* MessageViewController.m in Sources */ = {isa = PBXBuildFile; fileRef = 8820021D1B2868FD0044E953 /* MessageViewController.m */; };
		882002211B2869110044E953 /* DiscoverViewController.m in Sources */ = {isa = PBXBuildFile; fileRef = 882002201B2869110044E953 /* DiscoverViewController.m */; };
		882002241B2869270044E953 /* ProfileViewController.m in Sources */ = {isa = PBXBuildFile; fileRef = 882002231B2869270044E953 /* ProfileViewController.m */; };
		882002291B286E960044E953 /* MessagereviewViewController.m in Sources */ = {isa = PBXBuildFile; fileRef = 882002271B286E960044E953 /* MessagereviewViewController.m */; };
		8820022A1B286E960044E953 /* MessagereviewViewController.xib in Resources */ = {isa = PBXBuildFile; fileRef = 882002281B286E960044E953 /* MessagereviewViewController.xib */; };
		88444DDA1B2BDCE8009578CC /* UIBarButtonItem+Extension.m in Sources */ = {isa = PBXBuildFile; fileRef = 88444DD91B2BDCE8009578CC /* UIBarButtonItem+Extension.m */; };
		88FF943F1B29B5AA00A4B60D /* UIView+Extension.m in Sources */ = {isa = PBXBuildFile; fileRef = 88FF943E1B29B5AA00A4B60D /* UIView+Extension.m */; };
		88FF94431B29BFE200A4B60D /* XBNavigationController.m in Sources */ = {isa = PBXBuildFile; fileRef = 88FF94421B29BFE200A4B60D /* XBNavigationController.m */; };
/* End PBXBuildFile section */

/* Begin PBXContainerItemProxy section */
		880207251B20858700C31585 /* PBXContainerItemProxy */ = {
			isa = PBXContainerItemProxy;
			containerPortal = 880207031B20858600C31585 /* Project object */;
			proxyType = 1;
			remoteGlobalIDString = 8802070A1B20858600C31585;
			remoteInfo = XibaWeibo;
		};
/* End PBXContainerItemProxy section */

/* Begin PBXFileReference section */
		680F12611B70FC590074B6AC /* XBPhotoModel.h */ = {isa = PBXFileReference; fileEncoding = 4; lastKnownFileType = sourcecode.c.h; path = XBPhotoModel.h; sourceTree = "<group>"; };
		680F12621B70FC590074B6AC /* XBPhotoModel.m */ = {isa = PBXFileReference; fileEncoding = 4; lastKnownFileType = sourcecode.c.objc; path = XBPhotoModel.m; sourceTree = "<group>"; };
		683B98F51B6B92C1002001E7 /* XBTitleButton.h */ = {isa = PBXFileReference; fileEncoding = 4; lastKnownFileType = sourcecode.c.h; path = XBTitleButton.h; sourceTree = "<group>"; };
		683B98F61B6B92C1002001E7 /* XBTitleButton.m */ = {isa = PBXFileReference; fileEncoding = 4; lastKnownFileType = sourcecode.c.objc; path = XBTitleButton.m; sourceTree = "<group>"; };
		683B98F91B6B943A002001E7 /* MKAnnotationView+WebCache.h */ = {isa = PBXFileReference; fileEncoding = 4; lastKnownFileType = sourcecode.c.h; path = "MKAnnotationView+WebCache.h"; sourceTree = "<group>"; };
		683B98FA1B6B943A002001E7 /* MKAnnotationView+WebCache.m */ = {isa = PBXFileReference; fileEncoding = 4; lastKnownFileType = sourcecode.c.objc; path = "MKAnnotationView+WebCache.m"; sourceTree = "<group>"; };
		683B98FB1B6B943A002001E7 /* NSData+ImageContentType.h */ = {isa = PBXFileReference; fileEncoding = 4; lastKnownFileType = sourcecode.c.h; path = "NSData+ImageContentType.h"; sourceTree = "<group>"; };
		683B98FC1B6B943A002001E7 /* NSData+ImageContentType.m */ = {isa = PBXFileReference; fileEncoding = 4; lastKnownFileType = sourcecode.c.objc; path = "NSData+ImageContentType.m"; sourceTree = "<group>"; };
		683B98FD1B6B943A002001E7 /* SDImageCache.h */ = {isa = PBXFileReference; fileEncoding = 4; lastKnownFileType = sourcecode.c.h; path = SDImageCache.h; sourceTree = "<group>"; };
		683B98FE1B6B943A002001E7 /* SDImageCache.m */ = {isa = PBXFileReference; fileEncoding = 4; lastKnownFileType = sourcecode.c.objc; path = SDImageCache.m; sourceTree = "<group>"; };
		683B98FF1B6B943A002001E7 /* SDWebImageCompat.h */ = {isa = PBXFileReference; fileEncoding = 4; lastKnownFileType = sourcecode.c.h; path = SDWebImageCompat.h; sourceTree = "<group>"; };
		683B99001B6B943A002001E7 /* SDWebImageCompat.m */ = {isa = PBXFileReference; fileEncoding = 4; lastKnownFileType = sourcecode.c.objc; path = SDWebImageCompat.m; sourceTree = "<group>"; };
		683B99011B6B943A002001E7 /* SDWebImageDecoder.h */ = {isa = PBXFileReference; fileEncoding = 4; lastKnownFileType = sourcecode.c.h; path = SDWebImageDecoder.h; sourceTree = "<group>"; };
		683B99021B6B943A002001E7 /* SDWebImageDecoder.m */ = {isa = PBXFileReference; fileEncoding = 4; lastKnownFileType = sourcecode.c.objc; path = SDWebImageDecoder.m; sourceTree = "<group>"; };
		683B99031B6B943A002001E7 /* SDWebImageDownloader.h */ = {isa = PBXFileReference; fileEncoding = 4; lastKnownFileType = sourcecode.c.h; path = SDWebImageDownloader.h; sourceTree = "<group>"; };
		683B99041B6B943A002001E7 /* SDWebImageDownloader.m */ = {isa = PBXFileReference; fileEncoding = 4; lastKnownFileType = sourcecode.c.objc; path = SDWebImageDownloader.m; sourceTree = "<group>"; };
		683B99051B6B943A002001E7 /* SDWebImageDownloaderOperation.h */ = {isa = PBXFileReference; fileEncoding = 4; lastKnownFileType = sourcecode.c.h; path = SDWebImageDownloaderOperation.h; sourceTree = "<group>"; };
		683B99061B6B943A002001E7 /* SDWebImageDownloaderOperation.m */ = {isa = PBXFileReference; fileEncoding = 4; lastKnownFileType = sourcecode.c.objc; path = SDWebImageDownloaderOperation.m; sourceTree = "<group>"; };
		683B99071B6B943A002001E7 /* SDWebImageManager.h */ = {isa = PBXFileReference; fileEncoding = 4; lastKnownFileType = sourcecode.c.h; path = SDWebImageManager.h; sourceTree = "<group>"; };
		683B99081B6B943A002001E7 /* SDWebImageManager.m */ = {isa = PBXFileReference; fileEncoding = 4; lastKnownFileType = sourcecode.c.objc; path = SDWebImageManager.m; sourceTree = "<group>"; };
		683B99091B6B943A002001E7 /* SDWebImageOperation.h */ = {isa = PBXFileReference; fileEncoding = 4; lastKnownFileType = sourcecode.c.h; path = SDWebImageOperation.h; sourceTree = "<group>"; };
		683B990A1B6B943A002001E7 /* SDWebImagePrefetcher.h */ = {isa = PBXFileReference; fileEncoding = 4; lastKnownFileType = sourcecode.c.h; path = SDWebImagePrefetcher.h; sourceTree = "<group>"; };
		683B990B1B6B943A002001E7 /* SDWebImagePrefetcher.m */ = {isa = PBXFileReference; fileEncoding = 4; lastKnownFileType = sourcecode.c.objc; path = SDWebImagePrefetcher.m; sourceTree = "<group>"; };
		683B990C1B6B943A002001E7 /* UIButton+WebCache.h */ = {isa = PBXFileReference; fileEncoding = 4; lastKnownFileType = sourcecode.c.h; path = "UIButton+WebCache.h"; sourceTree = "<group>"; };
		683B990D1B6B943A002001E7 /* UIButton+WebCache.m */ = {isa = PBXFileReference; fileEncoding = 4; lastKnownFileType = sourcecode.c.objc; path = "UIButton+WebCache.m"; sourceTree = "<group>"; };
		683B990E1B6B943A002001E7 /* UIImage+GIF.h */ = {isa = PBXFileReference; fileEncoding = 4; lastKnownFileType = sourcecode.c.h; path = "UIImage+GIF.h"; sourceTree = "<group>"; };
		683B990F1B6B943A002001E7 /* UIImage+GIF.m */ = {isa = PBXFileReference; fileEncoding = 4; lastKnownFileType = sourcecode.c.objc; path = "UIImage+GIF.m"; sourceTree = "<group>"; };
		683B99101B6B943A002001E7 /* UIImage+MultiFormat.h */ = {isa = PBXFileReference; fileEncoding = 4; lastKnownFileType = sourcecode.c.h; path = "UIImage+MultiFormat.h"; sourceTree = "<group>"; };
		683B99111B6B943A002001E7 /* UIImage+MultiFormat.m */ = {isa = PBXFileReference; fileEncoding = 4; lastKnownFileType = sourcecode.c.objc; path = "UIImage+MultiFormat.m"; sourceTree = "<group>"; };
		683B99121B6B943A002001E7 /* UIImage+WebP.h */ = {isa = PBXFileReference; fileEncoding = 4; lastKnownFileType = sourcecode.c.h; path = "UIImage+WebP.h"; sourceTree = "<group>"; };
		683B99131B6B943A002001E7 /* UIImage+WebP.m */ = {isa = PBXFileReference; fileEncoding = 4; lastKnownFileType = sourcecode.c.objc; path = "UIImage+WebP.m"; sourceTree = "<group>"; };
		683B99141B6B943A002001E7 /* UIImageView+HighlightedWebCache.h */ = {isa = PBXFileReference; fileEncoding = 4; lastKnownFileType = sourcecode.c.h; path = "UIImageView+HighlightedWebCache.h"; sourceTree = "<group>"; };
		683B99151B6B943A002001E7 /* UIImageView+HighlightedWebCache.m */ = {isa = PBXFileReference; fileEncoding = 4; lastKnownFileType = sourcecode.c.objc; path = "UIImageView+HighlightedWebCache.m"; sourceTree = "<group>"; };
		683B99161B6B943A002001E7 /* UIImageView+WebCache.h */ = {isa = PBXFileReference; fileEncoding = 4; lastKnownFileType = sourcecode.c.h; path = "UIImageView+WebCache.h"; sourceTree = "<group>"; };
		683B99171B6B943A002001E7 /* UIImageView+WebCache.m */ = {isa = PBXFileReference; fileEncoding = 4; lastKnownFileType = sourcecode.c.objc; path = "UIImageView+WebCache.m"; sourceTree = "<group>"; };
		683B99181B6B943A002001E7 /* UIView+WebCacheOperation.h */ = {isa = PBXFileReference; fileEncoding = 4; lastKnownFileType = sourcecode.c.h; path = "UIView+WebCacheOperation.h"; sourceTree = "<group>"; };
		683B99191B6B943A002001E7 /* UIView+WebCacheOperation.m */ = {isa = PBXFileReference; fileEncoding = 4; lastKnownFileType = sourcecode.c.objc; path = "UIView+WebCacheOperation.m"; sourceTree = "<group>"; };
		683B992C1B6B962D002001E7 /* XBUserModel.h */ = {isa = PBXFileReference; fileEncoding = 4; lastKnownFileType = sourcecode.c.h; path = XBUserModel.h; sourceTree = "<group>"; };
		683B992D1B6B962D002001E7 /* XBUserModel.m */ = {isa = PBXFileReference; fileEncoding = 4; lastKnownFileType = sourcecode.c.objc; path = XBUserModel.m; sourceTree = "<group>"; };
		683B992F1B6B975A002001E7 /* XBStatusModel.h */ = {isa = PBXFileReference; fileEncoding = 4; lastKnownFileType = sourcecode.c.h; name = XBStatusModel.h; path = SDWebImage/XBStatusModel.h; sourceTree = "<group>"; };
		683B99301B6B975A002001E7 /* XBStatusModel.m */ = {isa = PBXFileReference; fileEncoding = 4; lastKnownFileType = sourcecode.c.objc; name = XBStatusModel.m; path = SDWebImage/XBStatusModel.m; sourceTree = "<group>"; };
		683B99331B6BB2DB002001E7 /* MJArgument.h */ = {isa = PBXFileReference; fileEncoding = 4; lastKnownFileType = sourcecode.c.h; path = MJArgument.h; sourceTree = "<group>"; };
		683B99341B6BB2DB002001E7 /* MJArgument.m */ = {isa = PBXFileReference; fileEncoding = 4; lastKnownFileType = sourcecode.c.objc; path = MJArgument.m; sourceTree = "<group>"; };
		683B99351B6BB2DB002001E7 /* MJConst.h */ = {isa = PBXFileReference; fileEncoding = 4; lastKnownFileType = sourcecode.c.h; path = MJConst.h; sourceTree = "<group>"; };
		683B99361B6BB2DB002001E7 /* MJConst.m */ = {isa = PBXFileReference; fileEncoding = 4; lastKnownFileType = sourcecode.c.objc; path = MJConst.m; sourceTree = "<group>"; };
		683B99371B6BB2DB002001E7 /* MJExtension.h */ = {isa = PBXFileReference; fileEncoding = 4; lastKnownFileType = sourcecode.c.h; path = MJExtension.h; sourceTree = "<group>"; };
		683B99381B6BB2DB002001E7 /* MJFoundation.h */ = {isa = PBXFileReference; fileEncoding = 4; lastKnownFileType = sourcecode.c.h; path = MJFoundation.h; sourceTree = "<group>"; };
		683B99391B6BB2DB002001E7 /* MJFoundation.m */ = {isa = PBXFileReference; fileEncoding = 4; lastKnownFileType = sourcecode.c.objc; path = MJFoundation.m; sourceTree = "<group>"; };
		683B993A1B6BB2DB002001E7 /* MJIvar.h */ = {isa = PBXFileReference; fileEncoding = 4; lastKnownFileType = sourcecode.c.h; path = MJIvar.h; sourceTree = "<group>"; };
		683B993B1B6BB2DB002001E7 /* MJIvar.m */ = {isa = PBXFileReference; fileEncoding = 4; lastKnownFileType = sourcecode.c.objc; path = MJIvar.m; sourceTree = "<group>"; };
		683B993C1B6BB2DB002001E7 /* MJMember.h */ = {isa = PBXFileReference; fileEncoding = 4; lastKnownFileType = sourcecode.c.h; path = MJMember.h; sourceTree = "<group>"; };
		683B993D1B6BB2DB002001E7 /* MJMember.m */ = {isa = PBXFileReference; fileEncoding = 4; lastKnownFileType = sourcecode.c.objc; path = MJMember.m; sourceTree = "<group>"; };
		683B993E1B6BB2DB002001E7 /* MJMethod.h */ = {isa = PBXFileReference; fileEncoding = 4; lastKnownFileType = sourcecode.c.h; path = MJMethod.h; sourceTree = "<group>"; };
		683B993F1B6BB2DB002001E7 /* MJMethod.m */ = {isa = PBXFileReference; fileEncoding = 4; lastKnownFileType = sourcecode.c.objc; path = MJMethod.m; sourceTree = "<group>"; };
		683B99401B6BB2DB002001E7 /* MJType.h */ = {isa = PBXFileReference; fileEncoding = 4; lastKnownFileType = sourcecode.c.h; path = MJType.h; sourceTree = "<group>"; };
		683B99411B6BB2DB002001E7 /* MJType.m */ = {isa = PBXFileReference; fileEncoding = 4; lastKnownFileType = sourcecode.c.objc; path = MJType.m; sourceTree = "<group>"; };
		683B99421B6BB2DB002001E7 /* MJTypeEncoding.h */ = {isa = PBXFileReference; fileEncoding = 4; lastKnownFileType = sourcecode.c.h; path = MJTypeEncoding.h; sourceTree = "<group>"; };
		683B99431B6BB2DB002001E7 /* MJTypeEncoding.m */ = {isa = PBXFileReference; fileEncoding = 4; lastKnownFileType = sourcecode.c.objc; path = MJTypeEncoding.m; sourceTree = "<group>"; };
		683B99441B6BB2DB002001E7 /* NSObject+MJCoding.h */ = {isa = PBXFileReference; fileEncoding = 4; lastKnownFileType = sourcecode.c.h; path = "NSObject+MJCoding.h"; sourceTree = "<group>"; };
		683B99451B6BB2DB002001E7 /* NSObject+MJCoding.m */ = {isa = PBXFileReference; fileEncoding = 4; lastKnownFileType = sourcecode.c.objc; path = "NSObject+MJCoding.m"; sourceTree = "<group>"; };
		683B99461B6BB2DB002001E7 /* NSObject+MJKeyValue.h */ = {isa = PBXFileReference; fileEncoding = 4; lastKnownFileType = sourcecode.c.h; path = "NSObject+MJKeyValue.h"; sourceTree = "<group>"; };
		683B99471B6BB2DB002001E7 /* NSObject+MJKeyValue.m */ = {isa = PBXFileReference; fileEncoding = 4; lastKnownFileType = sourcecode.c.objc; path = "NSObject+MJKeyValue.m"; sourceTree = "<group>"; };
		683B99481B6BB2DB002001E7 /* NSObject+MJMember.h */ = {isa = PBXFileReference; fileEncoding = 4; lastKnownFileType = sourcecode.c.h; path = "NSObject+MJMember.h"; sourceTree = "<group>"; };
		683B99491B6BB2DB002001E7 /* NSObject+MJMember.m */ = {isa = PBXFileReference; fileEncoding = 4; lastKnownFileType = sourcecode.c.objc; path = "NSObject+MJMember.m"; sourceTree = "<group>"; };
		6846AD7C1B6371B600CC2131 /* XBOAuthViewController.h */ = {isa = PBXFileReference; fileEncoding = 4; lastKnownFileType = sourcecode.c.h; path = XBOAuthViewController.h; sourceTree = "<group>"; };
		6846AD7D1B6371B600CC2131 /* XBOAuthViewController.m */ = {isa = PBXFileReference; fileEncoding = 4; lastKnownFileType = sourcecode.c.objc; path = XBOAuthViewController.m; sourceTree = "<group>"; };
		68528D771B7252A5009780DF /* MJRefresh.bundle */ = {isa = PBXFileReference; lastKnownFileType = "wrapper.plug-in"; path = MJRefresh.bundle; sourceTree = "<group>"; };
		68528D781B7252A5009780DF /* MJRefresh.h */ = {isa = PBXFileReference; fileEncoding = 4; lastKnownFileType = sourcecode.c.h; path = MJRefresh.h; sourceTree = "<group>"; };
		68528D791B7252A5009780DF /* MJRefreshBaseView.h */ = {isa = PBXFileReference; fileEncoding = 4; lastKnownFileType = sourcecode.c.h; path = MJRefreshBaseView.h; sourceTree = "<group>"; };
		68528D7A1B7252A5009780DF /* MJRefreshBaseView.m */ = {isa = PBXFileReference; fileEncoding = 4; lastKnownFileType = sourcecode.c.objc; path = MJRefreshBaseView.m; sourceTree = "<group>"; };
		68528D7B1B7252A5009780DF /* MJRefreshConst.h */ = {isa = PBXFileReference; fileEncoding = 4; lastKnownFileType = sourcecode.c.h; path = MJRefreshConst.h; sourceTree = "<group>"; };
		68528D7C1B7252A5009780DF /* MJRefreshConst.m */ = {isa = PBXFileReference; fileEncoding = 4; lastKnownFileType = sourcecode.c.objc; path = MJRefreshConst.m; sourceTree = "<group>"; };
		68528D7D1B7252A5009780DF /* MJRefreshFooterView.h */ = {isa = PBXFileReference; fileEncoding = 4; lastKnownFileType = sourcecode.c.h; path = MJRefreshFooterView.h; sourceTree = "<group>"; };
		68528D7E1B7252A5009780DF /* MJRefreshFooterView.m */ = {isa = PBXFileReference; fileEncoding = 4; lastKnownFileType = sourcecode.c.objc; path = MJRefreshFooterView.m; sourceTree = "<group>"; };
		68528D7F1B7252A5009780DF /* MJRefreshHeaderView.h */ = {isa = PBXFileReference; fileEncoding = 4; lastKnownFileType = sourcecode.c.h; path = MJRefreshHeaderView.h; sourceTree = "<group>"; };
		68528D801B7252A5009780DF /* MJRefreshHeaderView.m */ = {isa = PBXFileReference; fileEncoding = 4; lastKnownFileType = sourcecode.c.objc; path = MJRefreshHeaderView.m; sourceTree = "<group>"; };
		685682171B60A482008EAF0E /* NewfeatureController.h */ = {isa = PBXFileReference; fileEncoding = 4; lastKnownFileType = sourcecode.c.h; path = NewfeatureController.h; sourceTree = "<group>"; };
		685682181B60A482008EAF0E /* NewfeatureController.m */ = {isa = PBXFileReference; fileEncoding = 4; lastKnownFileType = sourcecode.c.objc; path = NewfeatureController.m; sourceTree = "<group>"; };
		685702A11B6760F2004F10C2 /* MBProgressHUD+MJ.h */ = {isa = PBXFileReference; fileEncoding = 4; lastKnownFileType = sourcecode.c.h; path = "MBProgressHUD+MJ.h"; sourceTree = "<group>"; };
		685702A21B6760F2004F10C2 /* MBProgressHUD+MJ.m */ = {isa = PBXFileReference; fileEncoding = 4; lastKnownFileType = sourcecode.c.objc; path = "MBProgressHUD+MJ.m"; sourceTree = "<group>"; };
		685702A31B6760F2004F10C2 /* MBProgressHUD.bundle */ = {isa = PBXFileReference; lastKnownFileType = "wrapper.plug-in"; path = MBProgressHUD.bundle; sourceTree = "<group>"; };
		685702A41B6760F2004F10C2 /* MBProgressHUD.h */ = {isa = PBXFileReference; fileEncoding = 4; lastKnownFileType = sourcecode.c.h; path = MBProgressHUD.h; sourceTree = "<group>"; };
		685702A51B6760F2004F10C2 /* MBProgressHUD.m */ = {isa = PBXFileReference; fileEncoding = 4; lastKnownFileType = sourcecode.c.objc; path = MBProgressHUD.m; sourceTree = "<group>"; };
		685702AA1B67619C004F10C2 /* XBAccount.h */ = {isa = PBXFileReference; fileEncoding = 4; lastKnownFileType = sourcecode.c.h; path = XBAccount.h; sourceTree = "<group>"; };
		685702AB1B67619C004F10C2 /* XBAccount.m */ = {isa = PBXFileReference; fileEncoding = 4; lastKnownFileType = sourcecode.c.objc; path = XBAccount.m; sourceTree = "<group>"; };
		68616EA21B6DC2E100FC5097 /* XBLoadMoreFooter.h */ = {isa = PBXFileReference; fileEncoding = 4; lastKnownFileType = sourcecode.c.h; path = XBLoadMoreFooter.h; sourceTree = "<group>"; };
		68616EA31B6DC2E100FC5097 /* XBLoadMoreFooter.m */ = {isa = PBXFileReference; fileEncoding = 4; lastKnownFileType = sourcecode.c.objc; path = XBLoadMoreFooter.m; sourceTree = "<group>"; };
		68616EA51B6DC30000FC5097 /* XBLoadMoreFooter.xib */ = {isa = PBXFileReference; fileEncoding = 4; lastKnownFileType = file.xib; path = XBLoadMoreFooter.xib; sourceTree = "<group>"; };
		68616EA71B6E0B2D00FC5097 /* XBStatusTableViewCell.h */ = {isa = PBXFileReference; fileEncoding = 4; lastKnownFileType = sourcecode.c.h; path = XBStatusTableViewCell.h; sourceTree = "<group>"; };
		68616EA81B6E0B2D00FC5097 /* XBStatusTableViewCell.m */ = {isa = PBXFileReference; fileEncoding = 4; lastKnownFileType = sourcecode.c.objc; path = XBStatusTableViewCell.m; sourceTree = "<group>"; };
		68616EAE1B6E214900FC5097 /* XBStatusFrameModel.h */ = {isa = PBXFileReference; fileEncoding = 4; lastKnownFileType = sourcecode.c.h; path = XBStatusFrameModel.h; sourceTree = "<group>"; };
		68616EAF1B6E214900FC5097 /* XBStatusFrameModel.m */ = {isa = PBXFileReference; fileEncoding = 4; lastKnownFileType = sourcecode.c.objc; path = XBStatusFrameModel.m; sourceTree = "<group>"; };
		6861863A1B74EE37001159D0 /* NSDate+Extension.h */ = {isa = PBXFileReference; fileEncoding = 4; lastKnownFileType = sourcecode.c.h; path = "NSDate+Extension.h"; sourceTree = "<group>"; };
		6861863B1B74EE37001159D0 /* NSDate+Extension.m */ = {isa = PBXFileReference; fileEncoding = 4; lastKnownFileType = sourcecode.c.objc; path = "NSDate+Extension.m"; sourceTree = "<group>"; };
		6869A4D11B637DCA00825798 /* AFHTTPRequestOperation.h */ = {isa = PBXFileReference; fileEncoding = 4; lastKnownFileType = sourcecode.c.h; path = AFHTTPRequestOperation.h; sourceTree = "<group>"; };
		6869A4D21B637DCA00825798 /* AFHTTPRequestOperation.m */ = {isa = PBXFileReference; fileEncoding = 4; lastKnownFileType = sourcecode.c.objc; path = AFHTTPRequestOperation.m; sourceTree = "<group>"; };
		6869A4D31B637DCA00825798 /* AFHTTPRequestOperationManager.h */ = {isa = PBXFileReference; fileEncoding = 4; lastKnownFileType = sourcecode.c.h; path = AFHTTPRequestOperationManager.h; sourceTree = "<group>"; };
		6869A4D41B637DCA00825798 /* AFHTTPRequestOperationManager.m */ = {isa = PBXFileReference; fileEncoding = 4; lastKnownFileType = sourcecode.c.objc; path = AFHTTPRequestOperationManager.m; sourceTree = "<group>"; };
		6869A4D51B637DCA00825798 /* AFHTTPSessionManager.h */ = {isa = PBXFileReference; fileEncoding = 4; lastKnownFileType = sourcecode.c.h; path = AFHTTPSessionManager.h; sourceTree = "<group>"; };
		6869A4D61B637DCA00825798 /* AFHTTPSessionManager.m */ = {isa = PBXFileReference; fileEncoding = 4; lastKnownFileType = sourcecode.c.objc; path = AFHTTPSessionManager.m; sourceTree = "<group>"; };
		6869A4D71B637DCA00825798 /* AFNetworking.h */ = {isa = PBXFileReference; fileEncoding = 4; lastKnownFileType = sourcecode.c.h; path = AFNetworking.h; sourceTree = "<group>"; };
		6869A4D81B637DCA00825798 /* AFNetworkReachabilityManager.h */ = {isa = PBXFileReference; fileEncoding = 4; lastKnownFileType = sourcecode.c.h; path = AFNetworkReachabilityManager.h; sourceTree = "<group>"; };
		6869A4D91B637DCA00825798 /* AFNetworkReachabilityManager.m */ = {isa = PBXFileReference; fileEncoding = 4; lastKnownFileType = sourcecode.c.objc; path = AFNetworkReachabilityManager.m; sourceTree = "<group>"; };
		6869A4DA1B637DCA00825798 /* AFSecurityPolicy.h */ = {isa = PBXFileReference; fileEncoding = 4; lastKnownFileType = sourcecode.c.h; path = AFSecurityPolicy.h; sourceTree = "<group>"; };
		6869A4DB1B637DCA00825798 /* AFSecurityPolicy.m */ = {isa = PBXFileReference; fileEncoding = 4; lastKnownFileType = sourcecode.c.objc; path = AFSecurityPolicy.m; sourceTree = "<group>"; };
		6869A4DC1B637DCA00825798 /* AFURLConnectionOperation.h */ = {isa = PBXFileReference; fileEncoding = 4; lastKnownFileType = sourcecode.c.h; path = AFURLConnectionOperation.h; sourceTree = "<group>"; };
		6869A4DD1B637DCA00825798 /* AFURLConnectionOperation.m */ = {isa = PBXFileReference; fileEncoding = 4; lastKnownFileType = sourcecode.c.objc; path = AFURLConnectionOperation.m; sourceTree = "<group>"; };
		6869A4DE1B637DCA00825798 /* AFURLRequestSerialization.h */ = {isa = PBXFileReference; fileEncoding = 4; lastKnownFileType = sourcecode.c.h; path = AFURLRequestSerialization.h; sourceTree = "<group>"; };
		6869A4DF1B637DCA00825798 /* AFURLRequestSerialization.m */ = {isa = PBXFileReference; fileEncoding = 4; lastKnownFileType = sourcecode.c.objc; path = AFURLRequestSerialization.m; sourceTree = "<group>"; };
		6869A4E01B637DCA00825798 /* AFURLResponseSerialization.h */ = {isa = PBXFileReference; fileEncoding = 4; lastKnownFileType = sourcecode.c.h; path = AFURLResponseSerialization.h; sourceTree = "<group>"; };
		6869A4E11B637DCA00825798 /* AFURLResponseSerialization.m */ = {isa = PBXFileReference; fileEncoding = 4; lastKnownFileType = sourcecode.c.objc; path = AFURLResponseSerialization.m; sourceTree = "<group>"; };
		6869A4E21B637DCA00825798 /* AFURLSessionManager.h */ = {isa = PBXFileReference; fileEncoding = 4; lastKnownFileType = sourcecode.c.h; path = AFURLSessionManager.h; sourceTree = "<group>"; };
		6869A4E31B637DCA00825798 /* AFURLSessionManager.m */ = {isa = PBXFileReference; fileEncoding = 4; lastKnownFileType = sourcecode.c.objc; path = AFURLSessionManager.m; sourceTree = "<group>"; };
		687660D81B73914500CA2461 /* XBStatusToolBar.h */ = {isa = PBXFileReference; fileEncoding = 4; lastKnownFileType = sourcecode.c.h; path = XBStatusToolBar.h; sourceTree = "<group>"; };
		687660D91B73914500CA2461 /* XBStatusToolBar.m */ = {isa = PBXFileReference; fileEncoding = 4; lastKnownFileType = sourcecode.c.objc; path = XBStatusToolBar.m; sourceTree = "<group>"; };
		6876DCEA1B6A4AAA006B34F2 /* Foundation+Log.m */ = {isa = PBXFileReference; fileEncoding = 4; lastKnownFileType = sourcecode.c.objc; path = "Foundation+Log.m"; sourceTree = "<group>"; };
		68CAFD081B6A14DE002E2F19 /* UIWindow+Extension.h */ = {isa = PBXFileReference; fileEncoding = 4; lastKnownFileType = sourcecode.c.h; path = "UIWindow+Extension.h"; sourceTree = "<group>"; };
		68CAFD091B6A14DE002E2F19 /* UIWindow+Extension.m */ = {isa = PBXFileReference; fileEncoding = 4; lastKnownFileType = sourcecode.c.objc; path = "UIWindow+Extension.m"; sourceTree = "<group>"; };
		68CAFD0B1B6A1924002E2F19 /* XBAccountTool.h */ = {isa = PBXFileReference; fileEncoding = 4; lastKnownFileType = sourcecode.c.h; path = XBAccountTool.h; sourceTree = "<group>"; };
		68CAFD0C1B6A1924002E2F19 /* XBAccountTool.m */ = {isa = PBXFileReference; fileEncoding = 4; lastKnownFileType = sourcecode.c.objc; path = XBAccountTool.m; sourceTree = "<group>"; };
		68DEA8FA1B75C4D000E3DCDC /* NSString+Extension.h */ = {isa = PBXFileReference; fileEncoding = 4; lastKnownFileType = sourcecode.c.h; path = "NSString+Extension.h"; sourceTree = "<group>"; };
		68DEA8FB1B75C4D000E3DCDC /* NSString+Extension.m */ = {isa = PBXFileReference; fileEncoding = 4; lastKnownFileType = sourcecode.c.objc; path = "NSString+Extension.m"; sourceTree = "<group>"; };
		68DEA8FD1B75E95B00E3DCDC /* XBStatusPhotosView.h */ = {isa = PBXFileReference; fileEncoding = 4; lastKnownFileType = sourcecode.c.h; path = XBStatusPhotosView.h; sourceTree = "<group>"; };
		68DEA8FE1B75E95B00E3DCDC /* XBStatusPhotosView.m */ = {isa = PBXFileReference; fileEncoding = 4; lastKnownFileType = sourcecode.c.objc; path = XBStatusPhotosView.m; sourceTree = "<group>"; };
		68DEA9001B75E98100E3DCDC /* XBStatusPhotoView.h */ = {isa = PBXFileReference; fileEncoding = 4; lastKnownFileType = sourcecode.c.h; path = XBStatusPhotoView.h; sourceTree = "<group>"; };
		68DEA9011B75E98100E3DCDC /* XBStatusPhotoView.m */ = {isa = PBXFileReference; fileEncoding = 4; lastKnownFileType = sourcecode.c.objc; path = XBStatusPhotoView.m; sourceTree = "<group>"; };
		8800F4141B5D16320037F34D /* XBTabBar.h */ = {isa = PBXFileReference; fileEncoding = 4; lastKnownFileType = sourcecode.c.h; path = XBTabBar.h; sourceTree = "<group>"; };
		8800F4151B5D16320037F34D /* XBTabBar.m */ = {isa = PBXFileReference; fileEncoding = 4; lastKnownFileType = sourcecode.c.objc; path = XBTabBar.m; sourceTree = "<group>"; };
		8802070B1B20858600C31585 /* XibaWeibo.app */ = {isa = PBXFileReference; explicitFileType = wrapper.application; includeInIndex = 0; path = XibaWeibo.app; sourceTree = BUILT_PRODUCTS_DIR; };
		8802070F1B20858600C31585 /* Info.plist */ = {isa = PBXFileReference; lastKnownFileType = text.plist.xml; path = Info.plist; sourceTree = "<group>"; };
		880207101B20858600C31585 /* main.m */ = {isa = PBXFileReference; lastKnownFileType = sourcecode.c.objc; path = main.m; sourceTree = "<group>"; };
		880207121B20858600C31585 /* AppDelegate.h */ = {isa = PBXFileReference; lastKnownFileType = sourcecode.c.h; path = AppDelegate.h; sourceTree = "<group>"; };
		880207131B20858600C31585 /* AppDelegate.m */ = {isa = PBXFileReference; lastKnownFileType = sourcecode.c.objc; path = AppDelegate.m; sourceTree = "<group>"; };
		8802071B1B20858600C31585 /* Images.xcassets */ = {isa = PBXFileReference; lastKnownFileType = folder.assetcatalog; path = Images.xcassets; sourceTree = "<group>"; };
		880207241B20858700C31585 /* XibaWeiboTests.xctest */ = {isa = PBXFileReference; explicitFileType = wrapper.cfbundle; includeInIndex = 0; path = XibaWeiboTests.xctest; sourceTree = BUILT_PRODUCTS_DIR; };
		880207291B20858700C31585 /* Info.plist */ = {isa = PBXFileReference; lastKnownFileType = text.plist.xml; path = Info.plist; sourceTree = "<group>"; };
		8802072A1B20858700C31585 /* XibaWeiboTests.m */ = {isa = PBXFileReference; lastKnownFileType = sourcecode.c.objc; path = XibaWeiboTests.m; sourceTree = "<group>"; };
		880207351B20904100C31585 /* HomeViewController.h */ = {isa = PBXFileReference; fileEncoding = 4; lastKnownFileType = sourcecode.c.h; path = HomeViewController.h; sourceTree = "<group>"; };
		880207361B20904100C31585 /* HomeViewController.m */ = {isa = PBXFileReference; fileEncoding = 4; lastKnownFileType = sourcecode.c.objc; path = HomeViewController.m; sourceTree = "<group>"; };
		880367CF1B2EEF8800F075C3 /* XBTiTleMeumController.h */ = {isa = PBXFileReference; fileEncoding = 4; lastKnownFileType = sourcecode.c.h; path = XBTiTleMeumController.h; sourceTree = "<group>"; };
		880367D01B2EEF8800F075C3 /* XBTiTleMeumController.m */ = {isa = PBXFileReference; fileEncoding = 4; lastKnownFileType = sourcecode.c.objc; path = XBTiTleMeumController.m; sourceTree = "<group>"; };
		881974411B2D487E00C6A4DD /* XBSearchBar.h */ = {isa = PBXFileReference; fileEncoding = 4; lastKnownFileType = sourcecode.c.h; path = XBSearchBar.h; sourceTree = "<group>"; };
		881974421B2D487E00C6A4DD /* XBSearchBar.m */ = {isa = PBXFileReference; fileEncoding = 4; lastKnownFileType = sourcecode.c.objc; path = XBSearchBar.m; sourceTree = "<group>"; };
		881974441B2D95B700C6A4DD /* XBDropdownMenuController.h */ = {isa = PBXFileReference; fileEncoding = 4; lastKnownFileType = sourcecode.c.h; path = XBDropdownMenuController.h; sourceTree = "<group>"; };
		881974451B2D95B700C6A4DD /* XBDropdownMenuController.m */ = {isa = PBXFileReference; fileEncoding = 4; lastKnownFileType = sourcecode.c.objc; path = XBDropdownMenuController.m; sourceTree = "<group>"; };
		882002191B2867BD0044E953 /* XBTabBarViewController.h */ = {isa = PBXFileReference; fileEncoding = 4; lastKnownFileType = sourcecode.c.h; path = XBTabBarViewController.h; sourceTree = "<group>"; };
		8820021A1B2867BD0044E953 /* XBTabBarViewController.m */ = {isa = PBXFileReference; fileEncoding = 4; lastKnownFileType = sourcecode.c.objc; path = XBTabBarViewController.m; sourceTree = "<group>"; };
		8820021C1B2868FD0044E953 /* MessageViewController.h */ = {isa = PBXFileReference; fileEncoding = 4; lastKnownFileType = sourcecode.c.h; path = MessageViewController.h; sourceTree = "<group>"; };
		8820021D1B2868FD0044E953 /* MessageViewController.m */ = {isa = PBXFileReference; fileEncoding = 4; lastKnownFileType = sourcecode.c.objc; path = MessageViewController.m; sourceTree = "<group>"; };
		8820021F1B2869110044E953 /* DiscoverViewController.h */ = {isa = PBXFileReference; fileEncoding = 4; lastKnownFileType = sourcecode.c.h; path = DiscoverViewController.h; sourceTree = "<group>"; };
		882002201B2869110044E953 /* DiscoverViewController.m */ = {isa = PBXFileReference; fileEncoding = 4; lastKnownFileType = sourcecode.c.objc; path = DiscoverViewController.m; sourceTree = "<group>"; };
		882002221B2869270044E953 /* ProfileViewController.h */ = {isa = PBXFileReference; fileEncoding = 4; lastKnownFileType = sourcecode.c.h; path = ProfileViewController.h; sourceTree = "<group>"; };
		882002231B2869270044E953 /* ProfileViewController.m */ = {isa = PBXFileReference; fileEncoding = 4; lastKnownFileType = sourcecode.c.objc; path = ProfileViewController.m; sourceTree = "<group>"; };
		882002261B286E960044E953 /* MessagereviewViewController.h */ = {isa = PBXFileReference; fileEncoding = 4; lastKnownFileType = sourcecode.c.h; path = MessagereviewViewController.h; sourceTree = "<group>"; };
		882002271B286E960044E953 /* MessagereviewViewController.m */ = {isa = PBXFileReference; fileEncoding = 4; lastKnownFileType = sourcecode.c.objc; path = MessagereviewViewController.m; sourceTree = "<group>"; };
		882002281B286E960044E953 /* MessagereviewViewController.xib */ = {isa = PBXFileReference; fileEncoding = 4; lastKnownFileType = file.xib; path = MessagereviewViewController.xib; sourceTree = "<group>"; };
		88444DD81B2BDCE8009578CC /* UIBarButtonItem+Extension.h */ = {isa = PBXFileReference; fileEncoding = 4; lastKnownFileType = sourcecode.c.h; path = "UIBarButtonItem+Extension.h"; sourceTree = "<group>"; };
		88444DD91B2BDCE8009578CC /* UIBarButtonItem+Extension.m */ = {isa = PBXFileReference; fileEncoding = 4; lastKnownFileType = sourcecode.c.objc; path = "UIBarButtonItem+Extension.m"; sourceTree = "<group>"; };
		88444DDB1B2BE69C009578CC /* PrefixHeader.pch */ = {isa = PBXFileReference; lastKnownFileType = sourcecode.c.h; path = PrefixHeader.pch; sourceTree = "<group>"; };
		88FF943D1B29B5AA00A4B60D /* UIView+Extension.h */ = {isa = PBXFileReference; fileEncoding = 4; lastKnownFileType = sourcecode.c.h; path = "UIView+Extension.h"; sourceTree = "<group>"; };
		88FF943E1B29B5AA00A4B60D /* UIView+Extension.m */ = {isa = PBXFileReference; fileEncoding = 4; lastKnownFileType = sourcecode.c.objc; path = "UIView+Extension.m"; sourceTree = "<group>"; };
		88FF94411B29BFE200A4B60D /* XBNavigationController.h */ = {isa = PBXFileReference; fileEncoding = 4; lastKnownFileType = sourcecode.c.h; path = XBNavigationController.h; sourceTree = "<group>"; };
		88FF94421B29BFE200A4B60D /* XBNavigationController.m */ = {isa = PBXFileReference; fileEncoding = 4; lastKnownFileType = sourcecode.c.objc; path = XBNavigationController.m; sourceTree = "<group>"; };
/* End PBXFileReference section */

/* Begin PBXFrameworksBuildPhase section */
		880207081B20858600C31585 /* Frameworks */ = {
			isa = PBXFrameworksBuildPhase;
			buildActionMask = 2147483647;
			files = (
			);
			runOnlyForDeploymentPostprocessing = 0;
		};
		880207211B20858700C31585 /* Frameworks */ = {
			isa = PBXFrameworksBuildPhase;
			buildActionMask = 2147483647;
			files = (
			);
			runOnlyForDeploymentPostprocessing = 0;
		};
/* End PBXFrameworksBuildPhase section */

/* Begin PBXGroup section */
		683B98F81B6B943A002001E7 /* SDWebImage */ = {
			isa = PBXGroup;
			children = (
				683B98F91B6B943A002001E7 /* MKAnnotationView+WebCache.h */,
				683B98FA1B6B943A002001E7 /* MKAnnotationView+WebCache.m */,
				683B98FB1B6B943A002001E7 /* NSData+ImageContentType.h */,
				683B98FC1B6B943A002001E7 /* NSData+ImageContentType.m */,
				683B98FD1B6B943A002001E7 /* SDImageCache.h */,
				683B98FE1B6B943A002001E7 /* SDImageCache.m */,
				683B98FF1B6B943A002001E7 /* SDWebImageCompat.h */,
				683B99001B6B943A002001E7 /* SDWebImageCompat.m */,
				683B99011B6B943A002001E7 /* SDWebImageDecoder.h */,
				683B99021B6B943A002001E7 /* SDWebImageDecoder.m */,
				683B99031B6B943A002001E7 /* SDWebImageDownloader.h */,
				683B99041B6B943A002001E7 /* SDWebImageDownloader.m */,
				683B99051B6B943A002001E7 /* SDWebImageDownloaderOperation.h */,
				683B99061B6B943A002001E7 /* SDWebImageDownloaderOperation.m */,
				683B99071B6B943A002001E7 /* SDWebImageManager.h */,
				683B99081B6B943A002001E7 /* SDWebImageManager.m */,
				683B99091B6B943A002001E7 /* SDWebImageOperation.h */,
				683B990A1B6B943A002001E7 /* SDWebImagePrefetcher.h */,
				683B990B1B6B943A002001E7 /* SDWebImagePrefetcher.m */,
				683B990C1B6B943A002001E7 /* UIButton+WebCache.h */,
				683B990D1B6B943A002001E7 /* UIButton+WebCache.m */,
				683B990E1B6B943A002001E7 /* UIImage+GIF.h */,
				683B990F1B6B943A002001E7 /* UIImage+GIF.m */,
				683B99101B6B943A002001E7 /* UIImage+MultiFormat.h */,
				683B99111B6B943A002001E7 /* UIImage+MultiFormat.m */,
				683B99121B6B943A002001E7 /* UIImage+WebP.h */,
				683B99131B6B943A002001E7 /* UIImage+WebP.m */,
				683B99141B6B943A002001E7 /* UIImageView+HighlightedWebCache.h */,
				683B99151B6B943A002001E7 /* UIImageView+HighlightedWebCache.m */,
				683B99161B6B943A002001E7 /* UIImageView+WebCache.h */,
				683B99171B6B943A002001E7 /* UIImageView+WebCache.m */,
				683B99181B6B943A002001E7 /* UIView+WebCacheOperation.h */,
				683B99191B6B943A002001E7 /* UIView+WebCacheOperation.m */,
			);
			path = SDWebImage;
			sourceTree = "<group>";
		};
		683B992A1B6B95FC002001E7 /* Model */ = {
			isa = PBXGroup;
			children = (
				683B992C1B6B962D002001E7 /* XBUserModel.h */,
				683B992D1B6B962D002001E7 /* XBUserModel.m */,
				683B992F1B6B975A002001E7 /* XBStatusModel.h */,
				683B99301B6B975A002001E7 /* XBStatusModel.m */,
				68616EAE1B6E214900FC5097 /* XBStatusFrameModel.h */,
				68616EAF1B6E214900FC5097 /* XBStatusFrameModel.m */,
				680F12611B70FC590074B6AC /* XBPhotoModel.h */,
				680F12621B70FC590074B6AC /* XBPhotoModel.m */,
			);
			name = Model;
			sourceTree = "<group>";
		};
		683B992B1B6B9603002001E7 /* Controller */ = {
			isa = PBXGroup;
			children = (
				880207351B20904100C31585 /* HomeViewController.h */,
				880207361B20904100C31585 /* HomeViewController.m */,
				880367CF1B2EEF8800F075C3 /* XBTiTleMeumController.h */,
				880367D01B2EEF8800F075C3 /* XBTiTleMeumController.m */,
			);
			name = Controller;
			sourceTree = "<group>";
		};
		683B99321B6BB2DB002001E7 /* MJExtension */ = {
			isa = PBXGroup;
			children = (
				683B99331B6BB2DB002001E7 /* MJArgument.h */,
				683B99341B6BB2DB002001E7 /* MJArgument.m */,
				683B99351B6BB2DB002001E7 /* MJConst.h */,
				683B99361B6BB2DB002001E7 /* MJConst.m */,
				683B99371B6BB2DB002001E7 /* MJExtension.h */,
				683B99381B6BB2DB002001E7 /* MJFoundation.h */,
				683B99391B6BB2DB002001E7 /* MJFoundation.m */,
				683B993A1B6BB2DB002001E7 /* MJIvar.h */,
				683B993B1B6BB2DB002001E7 /* MJIvar.m */,
				683B993C1B6BB2DB002001E7 /* MJMember.h */,
				683B993D1B6BB2DB002001E7 /* MJMember.m */,
				683B993E1B6BB2DB002001E7 /* MJMethod.h */,
				683B993F1B6BB2DB002001E7 /* MJMethod.m */,
				683B99401B6BB2DB002001E7 /* MJType.h */,
				683B99411B6BB2DB002001E7 /* MJType.m */,
				683B99421B6BB2DB002001E7 /* MJTypeEncoding.h */,
				683B99431B6BB2DB002001E7 /* MJTypeEncoding.m */,
				683B99441B6BB2DB002001E7 /* NSObject+MJCoding.h */,
				683B99451B6BB2DB002001E7 /* NSObject+MJCoding.m */,
				683B99461B6BB2DB002001E7 /* NSObject+MJKeyValue.h */,
				683B99471B6BB2DB002001E7 /* NSObject+MJKeyValue.m */,
				683B99481B6BB2DB002001E7 /* NSObject+MJMember.h */,
				683B99491B6BB2DB002001E7 /* NSObject+MJMember.m */,
			);
			path = MJExtension;
			sourceTree = "<group>";
		};
		6846AD7B1B63718E00CC2131 /* OAuth(微博授权认证) */ = {
			isa = PBXGroup;
			children = (
				685702A91B67611A004F10C2 /* Tool */,
				6857029F1B6760A9004F10C2 /* Controller */,
				6857029E1B67609E004F10C2 /* Model */,
			);
			name = "OAuth(微博授权认证)";
			sourceTree = "<group>";
		};
		68528D761B7252A5009780DF /* MJRefresh */ = {
			isa = PBXGroup;
			children = (
				68528D771B7252A5009780DF /* MJRefresh.bundle */,
				68528D781B7252A5009780DF /* MJRefresh.h */,
				68528D791B7252A5009780DF /* MJRefreshBaseView.h */,
				68528D7A1B7252A5009780DF /* MJRefreshBaseView.m */,
				68528D7B1B7252A5009780DF /* MJRefreshConst.h */,
				68528D7C1B7252A5009780DF /* MJRefreshConst.m */,
				68528D7D1B7252A5009780DF /* MJRefreshFooterView.h */,
				68528D7E1B7252A5009780DF /* MJRefreshFooterView.m */,
				68528D7F1B7252A5009780DF /* MJRefreshHeaderView.h */,
				68528D801B7252A5009780DF /* MJRefreshHeaderView.m */,
			);
			path = MJRefresh;
			sourceTree = "<group>";
		};
		685682161B60A436008EAF0E /* Newfeature(新特性) */ = {
			isa = PBXGroup;
			children = (
				685682171B60A482008EAF0E /* NewfeatureController.h */,
				685682181B60A482008EAF0E /* NewfeatureController.m */,
			);
			name = "Newfeature(新特性)";
			sourceTree = "<group>";
		};
		6857029E1B67609E004F10C2 /* Model */ = {
			isa = PBXGroup;
			children = (
				685702AA1B67619C004F10C2 /* XBAccount.h */,
				685702AB1B67619C004F10C2 /* XBAccount.m */,
			);
			name = Model;
			sourceTree = "<group>";
		};
		6857029F1B6760A9004F10C2 /* Controller */ = {
			isa = PBXGroup;
			children = (
				6846AD7C1B6371B600CC2131 /* XBOAuthViewController.h */,
				6846AD7D1B6371B600CC2131 /* XBOAuthViewController.m */,
			);
			name = Controller;
			sourceTree = "<group>";
		};
		685702A01B6760F2004F10C2 /* MBProgressHUD */ = {
			isa = PBXGroup;
			children = (
				685702A11B6760F2004F10C2 /* MBProgressHUD+MJ.h */,
				685702A21B6760F2004F10C2 /* MBProgressHUD+MJ.m */,
				685702A31B6760F2004F10C2 /* MBProgressHUD.bundle */,
				685702A41B6760F2004F10C2 /* MBProgressHUD.h */,
				685702A51B6760F2004F10C2 /* MBProgressHUD.m */,
			);
			path = MBProgressHUD;
			sourceTree = "<group>";
		};
		685702A91B67611A004F10C2 /* Tool */ = {
			isa = PBXGroup;
			children = (
				68CAFD0B1B6A1924002E2F19 /* XBAccountTool.h */,
				68CAFD0C1B6A1924002E2F19 /* XBAccountTool.m */,
			);
			name = Tool;
			sourceTree = "<group>";
		};
		68616EA11B6DC2AC00FC5097 /* VIew */ = {
			isa = PBXGroup;
			children = (
				68616EA21B6DC2E100FC5097 /* XBLoadMoreFooter.h */,
				68616EA31B6DC2E100FC5097 /* XBLoadMoreFooter.m */,
				68616EA51B6DC30000FC5097 /* XBLoadMoreFooter.xib */,
				68616EA71B6E0B2D00FC5097 /* XBStatusTableViewCell.h */,
				68616EA81B6E0B2D00FC5097 /* XBStatusTableViewCell.m */,
			);
			name = VIew;
			sourceTree = "<group>";
		};
		6869A4D01B637DCA00825798 /* AFNetworking */ = {
			isa = PBXGroup;
			children = (
				6869A4D11B637DCA00825798 /* AFHTTPRequestOperation.h */,
				6869A4D21B637DCA00825798 /* AFHTTPRequestOperation.m */,
				6869A4D31B637DCA00825798 /* AFHTTPRequestOperationManager.h */,
				6869A4D41B637DCA00825798 /* AFHTTPRequestOperationManager.m */,
				6869A4D51B637DCA00825798 /* AFHTTPSessionManager.h */,
				6869A4D61B637DCA00825798 /* AFHTTPSessionManager.m */,
				6869A4D71B637DCA00825798 /* AFNetworking.h */,
				6869A4D81B637DCA00825798 /* AFNetworkReachabilityManager.h */,
				6869A4D91B637DCA00825798 /* AFNetworkReachabilityManager.m */,
				6869A4DA1B637DCA00825798 /* AFSecurityPolicy.h */,
				6869A4DB1B637DCA00825798 /* AFSecurityPolicy.m */,
				6869A4DC1B637DCA00825798 /* AFURLConnectionOperation.h */,
				6869A4DD1B637DCA00825798 /* AFURLConnectionOperation.m */,
				6869A4DE1B637DCA00825798 /* AFURLRequestSerialization.h */,
				6869A4DF1B637DCA00825798 /* AFURLRequestSerialization.m */,
				6869A4E01B637DCA00825798 /* AFURLResponseSerialization.h */,
				6869A4E11B637DCA00825798 /* AFURLResponseSerialization.m */,
				6869A4E21B637DCA00825798 /* AFURLSessionManager.h */,
				6869A4E31B637DCA00825798 /* AFURLSessionManager.m */,
			);
			path = AFNetworking;
			sourceTree = "<group>";
		};
		687660D71B7390A500CA2461 /* field */ = {
			isa = PBXGroup;
			children = (
				687660D81B73914500CA2461 /* XBStatusToolBar.h */,
				687660D91B73914500CA2461 /* XBStatusToolBar.m */,
				68DEA8FD1B75E95B00E3DCDC /* XBStatusPhotosView.h */,
				68DEA8FE1B75E95B00E3DCDC /* XBStatusPhotosView.m */,
				68DEA9001B75E98100E3DCDC /* XBStatusPhotoView.h */,
				68DEA9011B75E98100E3DCDC /* XBStatusPhotoView.m */,
			);
			name = field;
			sourceTree = "<group>";
		};
		880207021B20858600C31585 = {
			isa = PBXGroup;
			children = (
				8802070D1B20858600C31585 /* XibaWeibo */,
				880207271B20858700C31585 /* XibaWeiboTests */,
				8802070C1B20858600C31585 /* Products */,
			);
			sourceTree = "<group>";
		};
		8802070C1B20858600C31585 /* Products */ = {
			isa = PBXGroup;
			children = (
				8802070B1B20858600C31585 /* XibaWeibo.app */,
				880207241B20858700C31585 /* XibaWeiboTests.xctest */,
			);
			name = Products;
			sourceTree = "<group>";
		};
		8802070D1B20858600C31585 /* XibaWeibo */ = {
			isa = PBXGroup;
			children = (
				88444DD51B2BCF2B009578CC /* lib */,
				88FF943B1B29B38300A4B60D /* Common(公共信息) */,
				880207341B20901600C31585 /* class */,
				880207121B20858600C31585 /* AppDelegate.h */,
				880207131B20858600C31585 /* AppDelegate.m */,
				8802070E1B20858600C31585 /* Supporting Files */,
			);
			path = XibaWeibo;
			sourceTree = "<group>";
		};
		8802070E1B20858600C31585 /* Supporting Files */ = {
			isa = PBXGroup;
			children = (
				8802071B1B20858600C31585 /* Images.xcassets */,
				8802070F1B20858600C31585 /* Info.plist */,
				880207101B20858600C31585 /* main.m */,
				88444DDB1B2BE69C009578CC /* PrefixHeader.pch */,
			);
			name = "Supporting Files";
			sourceTree = "<group>";
		};
		880207271B20858700C31585 /* XibaWeiboTests */ = {
			isa = PBXGroup;
			children = (
				8802072A1B20858700C31585 /* XibaWeiboTests.m */,
				880207281B20858700C31585 /* Supporting Files */,
			);
			path = XibaWeiboTests;
			sourceTree = "<group>";
		};
		880207281B20858700C31585 /* Supporting Files */ = {
			isa = PBXGroup;
			children = (
				880207291B20858700C31585 /* Info.plist */,
			);
			name = "Supporting Files";
			sourceTree = "<group>";
		};
		880207341B20901600C31585 /* class */ = {
			isa = PBXGroup;
			children = (
				6846AD7B1B63718E00CC2131 /* OAuth(微博授权认证) */,
				685682161B60A436008EAF0E /* Newfeature(新特性) */,
				88444DD61B2BCF69009578CC /* main(主面板) */,
				88444DD41B2BCEFA009578CC /* discover(发现界面) */,
				88444DD31B2BCEEA009578CC /* Home(首页界面) */,
				88FF94441B29C6E200A4B60D /* Profile(个人界面) */,
				882002251B286E6A0044E953 /* Message(消息界面) */,
			);
			name = class;
			sourceTree = "<group>";
		};
		881974401B2D485400C6A4DD /* field(控件封装) */ = {
			isa = PBXGroup;
			children = (
				88FF94411B29BFE200A4B60D /* XBNavigationController.h */,
				88FF94421B29BFE200A4B60D /* XBNavigationController.m */,
				881974411B2D487E00C6A4DD /* XBSearchBar.h */,
				881974421B2D487E00C6A4DD /* XBSearchBar.m */,
				881974441B2D95B700C6A4DD /* XBDropdownMenuController.h */,
				881974451B2D95B700C6A4DD /* XBDropdownMenuController.m */,
				8800F4141B5D16320037F34D /* XBTabBar.h */,
				8800F4151B5D16320037F34D /* XBTabBar.m */,
				683B98F51B6B92C1002001E7 /* XBTitleButton.h */,
				683B98F61B6B92C1002001E7 /* XBTitleButton.m */,
			);
			name = "field(控件封装)";
			sourceTree = "<group>";
		};
		882002251B286E6A0044E953 /* Message(消息界面) */ = {
			isa = PBXGroup;
			children = (
				8820021C1B2868FD0044E953 /* MessageViewController.h */,
				8820021D1B2868FD0044E953 /* MessageViewController.m */,
				882002261B286E960044E953 /* MessagereviewViewController.h */,
				882002271B286E960044E953 /* MessagereviewViewController.m */,
				882002281B286E960044E953 /* MessagereviewViewController.xib */,
			);
			name = "Message(消息界面)";
			sourceTree = "<group>";
		};
		88444DD31B2BCEEA009578CC /* Home(首页界面) */ = {
			isa = PBXGroup;
			children = (
				687660D71B7390A500CA2461 /* field */,
				68616EA11B6DC2AC00FC5097 /* VIew */,
				683B992B1B6B9603002001E7 /* Controller */,
				683B992A1B6B95FC002001E7 /* Model */,
			);
			name = "Home(首页界面)";
			sourceTree = "<group>";
		};
		88444DD41B2BCEFA009578CC /* discover(发现界面) */ = {
			isa = PBXGroup;
			children = (
				8820021F1B2869110044E953 /* DiscoverViewController.h */,
				882002201B2869110044E953 /* DiscoverViewController.m */,
			);
			name = "discover(发现界面)";
			sourceTree = "<group>";
		};
		88444DD51B2BCF2B009578CC /* lib */ = {
			isa = PBXGroup;
			children = (
				68528D761B7252A5009780DF /* MJRefresh */,
				683B99321B6BB2DB002001E7 /* MJExtension */,
				683B98F81B6B943A002001E7 /* SDWebImage */,
				685702A01B6760F2004F10C2 /* MBProgressHUD */,
				6869A4D01B637DCA00825798 /* AFNetworking */,
			);
			name = lib;
			sourceTree = "<group>";
		};
		88444DD61B2BCF69009578CC /* main(主面板) */ = {
			isa = PBXGroup;
			children = (
				882002191B2867BD0044E953 /* XBTabBarViewController.h */,
				8820021A1B2867BD0044E953 /* XBTabBarViewController.m */,
			);
			name = "main(主面板)";
			sourceTree = "<group>";
		};
		88FF943B1B29B38300A4B60D /* Common(公共信息) */ = {
			isa = PBXGroup;
			children = (
				881974401B2D485400C6A4DD /* field(控件封装) */,
				88FF943C1B29B38A00A4B60D /* Category(类别) */,
			);
			name = "Common(公共信息)";
			sourceTree = "<group>";
		};
		88FF943C1B29B38A00A4B60D /* Category(类别) */ = {
			isa = PBXGroup;
			children = (
				6876DCEA1B6A4AAA006B34F2 /* Foundation+Log.m */,
				88FF943D1B29B5AA00A4B60D /* UIView+Extension.h */,
				88FF943E1B29B5AA00A4B60D /* UIView+Extension.m */,
				88444DD81B2BDCE8009578CC /* UIBarButtonItem+Extension.h */,
				88444DD91B2BDCE8009578CC /* UIBarButtonItem+Extension.m */,
				68CAFD081B6A14DE002E2F19 /* UIWindow+Extension.h */,
				68CAFD091B6A14DE002E2F19 /* UIWindow+Extension.m */,
				6861863A1B74EE37001159D0 /* NSDate+Extension.h */,
				6861863B1B74EE37001159D0 /* NSDate+Extension.m */,
				68DEA8FA1B75C4D000E3DCDC /* NSString+Extension.h */,
				68DEA8FB1B75C4D000E3DCDC /* NSString+Extension.m */,
			);
			name = "Category(类别)";
			sourceTree = "<group>";
		};
		88FF94441B29C6E200A4B60D /* Profile(个人界面) */ = {
			isa = PBXGroup;
			children = (
				882002221B2869270044E953 /* ProfileViewController.h */,
				882002231B2869270044E953 /* ProfileViewController.m */,
			);
			name = "Profile(个人界面)";
			sourceTree = "<group>";
		};
/* End PBXGroup section */

/* Begin PBXNativeTarget section */
		8802070A1B20858600C31585 /* XibaWeibo */ = {
			isa = PBXNativeTarget;
			buildConfigurationList = 8802072E1B20858700C31585 /* Build configuration list for PBXNativeTarget "XibaWeibo" */;
			buildPhases = (
				880207071B20858600C31585 /* Sources */,
				880207081B20858600C31585 /* Frameworks */,
				880207091B20858600C31585 /* Resources */,
			);
			buildRules = (
			);
			dependencies = (
			);
			name = XibaWeibo;
			productName = XibaWeibo;
			productReference = 8802070B1B20858600C31585 /* XibaWeibo.app */;
			productType = "com.apple.product-type.application";
		};
		880207231B20858700C31585 /* XibaWeiboTests */ = {
			isa = PBXNativeTarget;
			buildConfigurationList = 880207311B20858700C31585 /* Build configuration list for PBXNativeTarget "XibaWeiboTests" */;
			buildPhases = (
				880207201B20858700C31585 /* Sources */,
				880207211B20858700C31585 /* Frameworks */,
				880207221B20858700C31585 /* Resources */,
			);
			buildRules = (
			);
			dependencies = (
				880207261B20858700C31585 /* PBXTargetDependency */,
			);
			name = XibaWeiboTests;
			productName = XibaWeiboTests;
			productReference = 880207241B20858700C31585 /* XibaWeiboTests.xctest */;
			productType = "com.apple.product-type.bundle.unit-test";
		};
/* End PBXNativeTarget section */

/* Begin PBXProject section */
		880207031B20858600C31585 /* Project object */ = {
			isa = PBXProject;
			attributes = {
				LastUpgradeCheck = 0610;
				ORGANIZATIONNAME = axiba;
				TargetAttributes = {
					8802070A1B20858600C31585 = {
						CreatedOnToolsVersion = 6.1.1;
					};
					880207231B20858700C31585 = {
						CreatedOnToolsVersion = 6.1.1;
						TestTargetID = 8802070A1B20858600C31585;
					};
				};
			};
			buildConfigurationList = 880207061B20858600C31585 /* Build configuration list for PBXProject "XibaWeibo" */;
			compatibilityVersion = "Xcode 3.2";
			developmentRegion = English;
			hasScannedForEncodings = 0;
			knownRegions = (
				en,
				Base,
			);
			mainGroup = 880207021B20858600C31585;
			productRefGroup = 8802070C1B20858600C31585 /* Products */;
			projectDirPath = "";
			projectRoot = "";
			targets = (
				8802070A1B20858600C31585 /* XibaWeibo */,
				880207231B20858700C31585 /* XibaWeiboTests */,
			);
		};
/* End PBXProject section */

/* Begin PBXResourcesBuildPhase section */
		880207091B20858600C31585 /* Resources */ = {
			isa = PBXResourcesBuildPhase;
			buildActionMask = 2147483647;
			files = (
				8820022A1B286E960044E953 /* MessagereviewViewController.xib in Resources */,
				68616EA61B6DC30000FC5097 /* XBLoadMoreFooter.xib in Resources */,
				8802071C1B20858600C31585 /* Images.xcassets in Resources */,
				68528D811B7252A5009780DF /* MJRefresh.bundle in Resources */,
				685702A71B6760F2004F10C2 /* MBProgressHUD.bundle in Resources */,
			);
			runOnlyForDeploymentPostprocessing = 0;
		};
		880207221B20858700C31585 /* Resources */ = {
			isa = PBXResourcesBuildPhase;
			buildActionMask = 2147483647;
			files = (
			);
			runOnlyForDeploymentPostprocessing = 0;
		};
/* End PBXResourcesBuildPhase section */

/* Begin PBXSourcesBuildPhase section */
		880207071B20858600C31585 /* Sources */ = {
			isa = PBXSourcesBuildPhase;
			buildActionMask = 2147483647;
			files = (
				683B99511B6BB2DB002001E7 /* MJTypeEncoding.m in Sources */,
				6869A4E41B637DCA00825798 /* AFHTTPRequestOperation.m in Sources */,
				68CAFD0A1B6A14DE002E2F19 /* UIWindow+Extension.m in Sources */,
				8800F4161B5D16320037F34D /* XBTabBar.m in Sources */,
				68528D831B7252A5009780DF /* MJRefreshConst.m in Sources */,
				68616EA41B6DC2E100FC5097 /* XBLoadMoreFooter.m in Sources */,
				683B994C1B6BB2DB002001E7 /* MJFoundation.m in Sources */,
				68DEA8FF1B75E95B00E3DCDC /* XBStatusPhotosView.m in Sources */,
				683B994E1B6BB2DB002001E7 /* MJMember.m in Sources */,
				683B99211B6B943A002001E7 /* SDWebImageManager.m in Sources */,
				68528D841B7252A5009780DF /* MJRefreshFooterView.m in Sources */,
				880367D11B2EEF8800F075C3 /* XBTiTleMeumController.m in Sources */,
				881974461B2D95B700C6A4DD /* XBDropdownMenuController.m in Sources */,
				6846AD7E1B6371B600CC2131 /* XBOAuthViewController.m in Sources */,
				683B99251B6B943A002001E7 /* UIImage+MultiFormat.m in Sources */,
				88FF943F1B29B5AA00A4B60D /* UIView+Extension.m in Sources */,
				683B994A1B6BB2DB002001E7 /* MJArgument.m in Sources */,
				68528D851B7252A5009780DF /* MJRefreshHeaderView.m in Sources */,
				683B991F1B6B943A002001E7 /* SDWebImageDownloader.m in Sources */,
				683B992E1B6B962D002001E7 /* XBUserModel.m in Sources */,
				8820021B1B2867BD0044E953 /* XBTabBarViewController.m in Sources */,
				68DEA8FC1B75C4D000E3DCDC /* NSString+Extension.m in Sources */,
				683B99261B6B943A002001E7 /* UIImage+WebP.m in Sources */,
				687660DA1B73914500CA2461 /* XBStatusToolBar.m in Sources */,
				6869A4E61B637DCA00825798 /* AFHTTPSessionManager.m in Sources */,
				68616EA91B6E0B2D00FC5097 /* XBStatusTableViewCell.m in Sources */,
				685702AC1B67619C004F10C2 /* XBAccount.m in Sources */,
				683B98F71B6B92C1002001E7 /* XBTitleButton.m in Sources */,
				882002211B2869110044E953 /* DiscoverViewController.m in Sources */,
				683B99271B6B943A002001E7 /* UIImageView+HighlightedWebCache.m in Sources */,
				683B991E1B6B943A002001E7 /* SDWebImageDecoder.m in Sources */,
				683B99221B6B943A002001E7 /* SDWebImagePrefetcher.m in Sources */,
				8820021E1B2868FD0044E953 /* MessageViewController.m in Sources */,
				6869A4E71B637DCA00825798 /* AFNetworkReachabilityManager.m in Sources */,
				6869A4EC1B637DCA00825798 /* AFURLSessionManager.m in Sources */,
				880207141B20858600C31585 /* AppDelegate.m in Sources */,
				6876DCEB1B6A4AAA006B34F2 /* Foundation+Log.m in Sources */,
				881974431B2D487E00C6A4DD /* XBSearchBar.m in Sources */,
				683B99241B6B943A002001E7 /* UIImage+GIF.m in Sources */,
				683B99311B6B975A002001E7 /* XBStatusModel.m in Sources */,
				683B99541B6BB2DB002001E7 /* NSObject+MJMember.m in Sources */,
				683B99281B6B943A002001E7 /* UIImageView+WebCache.m in Sources */,
				6869A4E91B637DCA00825798 /* AFURLConnectionOperation.m in Sources */,
				683B991C1B6B943A002001E7 /* SDImageCache.m in Sources */,
				6869A4EB1B637DCA00825798 /* AFURLResponseSerialization.m in Sources */,
				88FF94431B29BFE200A4B60D /* XBNavigationController.m in Sources */,
				6861863C1B74EE37001159D0 /* NSDate+Extension.m in Sources */,
				683B99501B6BB2DB002001E7 /* MJType.m in Sources */,
				68CAFD0D1B6A1924002E2F19 /* XBAccountTool.m in Sources */,
				6869A4EA1B637DCA00825798 /* AFURLRequestSerialization.m in Sources */,
				683B99201B6B943A002001E7 /* SDWebImageDownloaderOperation.m in Sources */,
				685702A61B6760F2004F10C2 /* MBProgressHUD+MJ.m in Sources */,
				683B99531B6BB2DB002001E7 /* NSObject+MJKeyValue.m in Sources */,
				88444DDA1B2BDCE8009578CC /* UIBarButtonItem+Extension.m in Sources */,
				683B991D1B6B943A002001E7 /* SDWebImageCompat.m in Sources */,
				683B99521B6BB2DB002001E7 /* NSObject+MJCoding.m in Sources */,
				683B991B1B6B943A002001E7 /* NSData+ImageContentType.m in Sources */,
				685682191B60A482008EAF0E /* NewfeatureController.m in Sources */,
				882002241B2869270044E953 /* ProfileViewController.m in Sources */,
				880207111B20858600C31585 /* main.m in Sources */,
				683B994D1B6BB2DB002001E7 /* MJIvar.m in Sources */,
				68DEA9021B75E98100E3DCDC /* XBStatusPhotoView.m in Sources */,
				68616EB01B6E214900FC5097 /* XBStatusFrameModel.m in Sources */,
				683B994F1B6BB2DB002001E7 /* MJMethod.m in Sources */,
				680F12631B70FC590074B6AC /* XBPhotoModel.m in Sources */,
				683B99231B6B943A002001E7 /* UIButton+WebCache.m in Sources */,
				882002291B286E960044E953 /* MessagereviewViewController.m in Sources */,
				6869A4E51B637DCA00825798 /* AFHTTPRequestOperationManager.m in Sources */,
				6869A4E81B637DCA00825798 /* AFSecurityPolicy.m in Sources */,
				68528D821B7252A5009780DF /* MJRefreshBaseView.m in Sources */,
				683B99291B6B943A002001E7 /* UIView+WebCacheOperation.m in Sources */,
				683B994B1B6BB2DB002001E7 /* MJConst.m in Sources */,
				683B991A1B6B943A002001E7 /* MKAnnotationView+WebCache.m in Sources */,
				880207371B20904100C31585 /* HomeViewController.m in Sources */,
				685702A81B6760F2004F10C2 /* MBProgressHUD.m in Sources */,
			);
			runOnlyForDeploymentPostprocessing = 0;
		};
		880207201B20858700C31585 /* Sources */ = {
			isa = PBXSourcesBuildPhase;
			buildActionMask = 2147483647;
			files = (
				8802072B1B20858700C31585 /* XibaWeiboTests.m in Sources */,
			);
			runOnlyForDeploymentPostprocessing = 0;
		};
/* End PBXSourcesBuildPhase section */

/* Begin PBXTargetDependency section */
		880207261B20858700C31585 /* PBXTargetDependency */ = {
			isa = PBXTargetDependency;
			target = 8802070A1B20858600C31585 /* XibaWeibo */;
			targetProxy = 880207251B20858700C31585 /* PBXContainerItemProxy */;
		};
/* End PBXTargetDependency section */

/* Begin XCBuildConfiguration section */
		8802072C1B20858700C31585 /* Debug */ = {
			isa = XCBuildConfiguration;
			buildSettings = {
				ALWAYS_SEARCH_USER_PATHS = NO;
				CLANG_CXX_LANGUAGE_STANDARD = "gnu++0x";
				CLANG_CXX_LIBRARY = "libc++";
				CLANG_ENABLE_MODULES = YES;
				CLANG_ENABLE_OBJC_ARC = YES;
				CLANG_WARN_BOOL_CONVERSION = YES;
				CLANG_WARN_CONSTANT_CONVERSION = YES;
				CLANG_WARN_DIRECT_OBJC_ISA_USAGE = YES_ERROR;
				CLANG_WARN_EMPTY_BODY = YES;
				CLANG_WARN_ENUM_CONVERSION = YES;
				CLANG_WARN_INT_CONVERSION = YES;
				CLANG_WARN_OBJC_ROOT_CLASS = YES_ERROR;
				CLANG_WARN_UNREACHABLE_CODE = YES;
				CLANG_WARN__DUPLICATE_METHOD_MATCH = YES;
				"CODE_SIGN_IDENTITY[sdk=iphoneos*]" = "iPhone Developer";
				COPY_PHASE_STRIP = NO;
				ENABLE_STRICT_OBJC_MSGSEND = YES;
				GCC_C_LANGUAGE_STANDARD = gnu99;
				GCC_DYNAMIC_NO_PIC = NO;
				GCC_OPTIMIZATION_LEVEL = 0;
				GCC_PREPROCESSOR_DEFINITIONS = (
					"DEBUG=1",
					"$(inherited)",
				);
				GCC_SYMBOLS_PRIVATE_EXTERN = NO;
				GCC_WARN_64_TO_32_BIT_CONVERSION = YES;
				GCC_WARN_ABOUT_RETURN_TYPE = YES_ERROR;
				GCC_WARN_UNDECLARED_SELECTOR = YES;
				GCC_WARN_UNINITIALIZED_AUTOS = YES_AGGRESSIVE;
				GCC_WARN_UNUSED_FUNCTION = YES;
				GCC_WARN_UNUSED_VARIABLE = YES;
				IPHONEOS_DEPLOYMENT_TARGET = 7.1;
				MTL_ENABLE_DEBUG_INFO = YES;
				ONLY_ACTIVE_ARCH = YES;
				SDKROOT = iphoneos;
			};
			name = Debug;
		};
		8802072D1B20858700C31585 /* Release */ = {
			isa = XCBuildConfiguration;
			buildSettings = {
				ALWAYS_SEARCH_USER_PATHS = NO;
				CLANG_CXX_LANGUAGE_STANDARD = "gnu++0x";
				CLANG_CXX_LIBRARY = "libc++";
				CLANG_ENABLE_MODULES = YES;
				CLANG_ENABLE_OBJC_ARC = YES;
				CLANG_WARN_BOOL_CONVERSION = YES;
				CLANG_WARN_CONSTANT_CONVERSION = YES;
				CLANG_WARN_DIRECT_OBJC_ISA_USAGE = YES_ERROR;
				CLANG_WARN_EMPTY_BODY = YES;
				CLANG_WARN_ENUM_CONVERSION = YES;
				CLANG_WARN_INT_CONVERSION = YES;
				CLANG_WARN_OBJC_ROOT_CLASS = YES_ERROR;
				CLANG_WARN_UNREACHABLE_CODE = YES;
				CLANG_WARN__DUPLICATE_METHOD_MATCH = YES;
				"CODE_SIGN_IDENTITY[sdk=iphoneos*]" = "iPhone Developer";
				COPY_PHASE_STRIP = YES;
				ENABLE_NS_ASSERTIONS = NO;
				ENABLE_STRICT_OBJC_MSGSEND = YES;
				GCC_C_LANGUAGE_STANDARD = gnu99;
				GCC_WARN_64_TO_32_BIT_CONVERSION = YES;
				GCC_WARN_ABOUT_RETURN_TYPE = YES_ERROR;
				GCC_WARN_UNDECLARED_SELECTOR = YES;
				GCC_WARN_UNINITIALIZED_AUTOS = YES_AGGRESSIVE;
				GCC_WARN_UNUSED_FUNCTION = YES;
				GCC_WARN_UNUSED_VARIABLE = YES;
				IPHONEOS_DEPLOYMENT_TARGET = 7.1;
				MTL_ENABLE_DEBUG_INFO = NO;
				SDKROOT = iphoneos;
				VALIDATE_PRODUCT = YES;
			};
			name = Release;
		};
		8802072F1B20858700C31585 /* Debug */ = {
			isa = XCBuildConfiguration;
			buildSettings = {
				ASSETCATALOG_COMPILER_APPICON_NAME = AppIcon;
				ASSETCATALOG_COMPILER_LAUNCHIMAGE_NAME = LaunchImage;
				GCC_PRECOMPILE_PREFIX_HEADER = YES;
				GCC_PREFIX_HEADER = "$(SRCROOT)/XibaWeibo/PrefixHeader.pch";
				INFOPLIST_FILE = XibaWeibo/Info.plist;
				IPHONEOS_DEPLOYMENT_TARGET = 7.1;
				LD_RUNPATH_SEARCH_PATHS = "$(inherited) @executable_path/Frameworks";
				PRODUCT_NAME = "$(TARGET_NAME)";
			};
			name = Debug;
		};
		880207301B20858700C31585 /* Release */ = {
			isa = XCBuildConfiguration;
			buildSettings = {
				ASSETCATALOG_COMPILER_APPICON_NAME = AppIcon;
				ASSETCATALOG_COMPILER_LAUNCHIMAGE_NAME = LaunchImage;
				GCC_PRECOMPILE_PREFIX_HEADER = YES;
				GCC_PREFIX_HEADER = "$(SRCROOT)/XibaWeibo/PrefixHeader.pch";
				INFOPLIST_FILE = XibaWeibo/Info.plist;
				IPHONEOS_DEPLOYMENT_TARGET = 7.1;
				LD_RUNPATH_SEARCH_PATHS = "$(inherited) @executable_path/Frameworks";
				PRODUCT_NAME = "$(TARGET_NAME)";
			};
			name = Release;
		};
		880207321B20858700C31585 /* Debug */ = {
			isa = XCBuildConfiguration;
			buildSettings = {
				BUNDLE_LOADER = "$(TEST_HOST)";
				FRAMEWORK_SEARCH_PATHS = (
					"$(SDKROOT)/Developer/Library/Frameworks",
					"$(inherited)",
				);
				GCC_PREPROCESSOR_DEFINITIONS = (
					"DEBUG=1",
					"$(inherited)",
				);
				INFOPLIST_FILE = XibaWeiboTests/Info.plist;
				LD_RUNPATH_SEARCH_PATHS = "$(inherited) @executable_path/Frameworks @loader_path/Frameworks";
				PRODUCT_NAME = "$(TARGET_NAME)";
				TEST_HOST = "$(BUILT_PRODUCTS_DIR)/XibaWeibo.app/XibaWeibo";
			};
			name = Debug;
		};
		880207331B20858700C31585 /* Release */ = {
			isa = XCBuildConfiguration;
			buildSettings = {
				BUNDLE_LOADER = "$(TEST_HOST)";
				FRAMEWORK_SEARCH_PATHS = (
					"$(SDKROOT)/Developer/Library/Frameworks",
					"$(inherited)",
				);
				INFOPLIST_FILE = XibaWeiboTests/Info.plist;
				LD_RUNPATH_SEARCH_PATHS = "$(inherited) @executable_path/Frameworks @loader_path/Frameworks";
				PRODUCT_NAME = "$(TARGET_NAME)";
				TEST_HOST = "$(BUILT_PRODUCTS_DIR)/XibaWeibo.app/XibaWeibo";
			};
			name = Release;
		};
/* End XCBuildConfiguration section */

/* Begin XCConfigurationList section */
		880207061B20858600C31585 /* Build configuration list for PBXProject "XibaWeibo" */ = {
			isa = XCConfigurationList;
			buildConfigurations = (
				8802072C1B20858700C31585 /* Debug */,
				8802072D1B20858700C31585 /* Release */,
			);
			defaultConfigurationIsVisible = 0;
			defaultConfigurationName = Release;
		};
		8802072E1B20858700C31585 /* Build configuration list for PBXNativeTarget "XibaWeibo" */ = {
			isa = XCConfigurationList;
			buildConfigurations = (
				8802072F1B20858700C31585 /* Debug */,
				880207301B20858700C31585 /* Release */,
			);
			defaultConfigurationIsVisible = 0;
			defaultConfigurationName = Release;
		};
		880207311B20858700C31585 /* Build configuration list for PBXNativeTarget "XibaWeiboTests" */ = {
			isa = XCConfigurationList;
			buildConfigurations = (
				880207321B20858700C31585 /* Debug */,
				880207331B20858700C31585 /* Release */,
			);
			defaultConfigurationIsVisible = 0;
			defaultConfigurationName = Release;
		};
/* End XCConfigurationList section */
	};
	rootObject = 880207031B20858600C31585 /* Project object */;
}
